{
  "object": {
    "pins": [
      {
        "package": "Alamofire",
        "repositoryURL": "https://github.com/Alamofire/Alamofire.git",
        "state": {
          "branch": "master",
          "revision": "e1f6c211747bce531f4171848f62d9cb6de0cc82",
          "version": null
        }
      },
      {
        "package": "SwiftyJSON",
        "repositoryURL": "https://github.com/SwiftyJSON/SwiftyJSON.git",
        "state": {
          "branch": "master",
          "revision": "b3dcd7dbd0d488e1a7077cb33b00f2083e382f07",
          "version": null
        }
      }
    ]
  },
  "version": 1
}
